
Microsoft Visual Studio Solution File, Format Version 12.00
# Visual Studio Version 16
VisualStudioVersion = 16.0.30717.126
MinimumVisualStudioVersion = 10.0.40219.1
Project("{FAE04EC0-301F-11D3-BF4B-00C04F79EFBC}") = "binary_heap", "binary_heap\binary_heap.csproj", "{760756BF-A09C-4727-90D4-091E118B2B95}"
EndProject
Global
	GlobalSection(SolutionConfigurationPlatforms) = preSolution
		Debug|Any CPU = Debug|Any CPU
		Release|Any CPU = Release|Any CPU
	EndGlobalSection
	GlobalSection(ProjectConfigurationPlatforms) = postSolution
		{760756BF-A09C-4727-90D4-091E118B2B95}.Debug|Any CPU.ActiveCfg = Debug|Any CPU
		{760756BF-A09C-4727-90D4-091E118B2B95}.Debug|Any CPU.Build.0 = Debug|Any CPU
		{760756BF-A09C-4727-90D4-091E118B2B95}.Release|Any CPU.ActiveCfg = Release|Any CPU
		{760756BF-A09C-4727-90D4-091E118B2B95}.Release|Any CPU.Build.0 = Release|Any CPU
	EndGlobalSection
	GlobalSection(SolutionProperties) = preSolution
		HideSolutionNode = FALSE
	EndGlobalSection
	GlobalSection(ExtensibilityGlobals) = postSolution
		SolutionGuid = {FC1556C4-2BA5-4BA2-9280-4F59F3BF3AED}
	EndGlobalSection
EndGlobal
